// !$*UTF8*$!
{
	archiveVersion = 1;
	classes = {
	};
	objectVersion = 46;
	objects = {

/* Begin PBXBuildFile section */
		84140D961B02576F00F2D904 /* Game.swift in Sources */ = {isa = PBXBuildFile; fileRef = 84140D931B02576F00F2D904 /* Game.swift */; };
		84140D971B02576F00F2D904 /* Person.swift in Sources */ = {isa = PBXBuildFile; fileRef = 84140D941B02576F00F2D904 /* Person.swift */; };
		84140D9C1B0257CF00F2D904 /* GameService.swift in Sources */ = {isa = PBXBuildFile; fileRef = 84140D9B1B0257CF00F2D904 /* GameService.swift */; };
		84FB84781AF7C30300F32992 /* AppDelegate.swift in Sources */ = {isa = PBXBuildFile; fileRef = 84FB84771AF7C30300F32992 /* AppDelegate.swift */; };
		84FB847A1AF7C30300F32992 /* GameQuizViewController.swift in Sources */ = {isa = PBXBuildFile; fileRef = 84FB84791AF7C30300F32992 /* GameQuizViewController.swift */; };
		84FB847D1AF7C30300F32992 /* Main.storyboard in Resources */ = {isa = PBXBuildFile; fileRef = 84FB847B1AF7C30300F32992 /* Main.storyboard */; };
		84FB847F1AF7C30300F32992 /* Images.xcassets in Resources */ = {isa = PBXBuildFile; fileRef = 84FB847E1AF7C30300F32992 /* Images.xcassets */; };
		84FB84821AF7C30300F32992 /* LaunchScreen.xib in Resources */ = {isa = PBXBuildFile; fileRef = 84FB84801AF7C30300F32992 /* LaunchScreen.xib */; };
		84FB848E1AF7C30300F32992 /* MesanQuizTests.swift in Sources */ = {isa = PBXBuildFile; fileRef = 84FB848D1AF7C30300F32992 /* MesanQuizTests.swift */; };
		9FE7B8491B026427008389FF /* Service.swift in Sources */ = {isa = PBXBuildFile; fileRef = 9FE7B8481B026427008389FF /* Service.swift */; };
		9FE7B84B1B027B0E008389FF /* Question.swift in Sources */ = {isa = PBXBuildFile; fileRef = 9FE7B84A1B027B0E008389FF /* Question.swift */; };
		9FE7B84D1B027C0C008389FF /* Alternative.swift in Sources */ = {isa = PBXBuildFile; fileRef = 9FE7B84C1B027C0C008389FF /* Alternative.swift */; };
/* End PBXBuildFile section */

/* Begin PBXContainerItemProxy section */
		84FB84881AF7C30300F32992 /* PBXContainerItemProxy */ = {
			isa = PBXContainerItemProxy;
			containerPortal = 84FB846A1AF7C30300F32992 /* Project object */;
			proxyType = 1;
			remoteGlobalIDString = 84FB84711AF7C30300F32992;
			remoteInfo = MesanQuiz;
		};
/* End PBXContainerItemProxy section */

/* Begin PBXFileReference section */
		84140D931B02576F00F2D904 /* Game.swift */ = {isa = PBXFileReference; fileEncoding = 4; lastKnownFileType = sourcecode.swift; path = Game.swift; sourceTree = "<group>"; };
		84140D941B02576F00F2D904 /* Person.swift */ = {isa = PBXFileReference; fileEncoding = 4; lastKnownFileType = sourcecode.swift; path = Person.swift; sourceTree = "<group>"; };
		84140D9B1B0257CF00F2D904 /* GameService.swift */ = {isa = PBXFileReference; fileEncoding = 4; lastKnownFileType = sourcecode.swift; path = GameService.swift; sourceTree = "<group>"; };
		84FB84721AF7C30300F32992 /* MesanQuiz.app */ = {isa = PBXFileReference; explicitFileType = wrapper.application; includeInIndex = 0; path = MesanQuiz.app; sourceTree = BUILT_PRODUCTS_DIR; };
		84FB84761AF7C30300F32992 /* Info.plist */ = {isa = PBXFileReference; lastKnownFileType = text.plist.xml; path = Info.plist; sourceTree = "<group>"; };
		84FB84771AF7C30300F32992 /* AppDelegate.swift */ = {isa = PBXFileReference; lastKnownFileType = sourcecode.swift; path = AppDelegate.swift; sourceTree = "<group>"; };
		84FB84791AF7C30300F32992 /* GameQuizViewController.swift */ = {isa = PBXFileReference; lastKnownFileType = sourcecode.swift; path = GameQuizViewController.swift; sourceTree = "<group>"; };
		84FB847C1AF7C30300F32992 /* Base */ = {isa = PBXFileReference; lastKnownFileType = file.storyboard; name = Base; path = Base.lproj/Main.storyboard; sourceTree = "<group>"; };
		84FB847E1AF7C30300F32992 /* Images.xcassets */ = {isa = PBXFileReference; lastKnownFileType = folder.assetcatalog; path = Images.xcassets; sourceTree = "<group>"; };
		84FB84811AF7C30300F32992 /* Base */ = {isa = PBXFileReference; lastKnownFileType = file.xib; name = Base; path = Base.lproj/LaunchScreen.xib; sourceTree = "<group>"; };
		84FB84871AF7C30300F32992 /* MesanQuizTests.xctest */ = {isa = PBXFileReference; explicitFileType = wrapper.cfbundle; includeInIndex = 0; path = MesanQuizTests.xctest; sourceTree = BUILT_PRODUCTS_DIR; };
		84FB848C1AF7C30300F32992 /* Info.plist */ = {isa = PBXFileReference; lastKnownFileType = text.plist.xml; path = Info.plist; sourceTree = "<group>"; };
		84FB848D1AF7C30300F32992 /* MesanQuizTests.swift */ = {isa = PBXFileReference; lastKnownFileType = sourcecode.swift; path = MesanQuizTests.swift; sourceTree = "<group>"; };
		9FE7B8481B026427008389FF /* Service.swift */ = {isa = PBXFileReference; fileEncoding = 4; lastKnownFileType = sourcecode.swift; path = Service.swift; sourceTree = "<group>"; };
		9FE7B84A1B027B0E008389FF /* Question.swift */ = {isa = PBXFileReference; fileEncoding = 4; lastKnownFileType = sourcecode.swift; path = Question.swift; sourceTree = "<group>"; };
		9FE7B84C1B027C0C008389FF /* Alternative.swift */ = {isa = PBXFileReference; fileEncoding = 4; lastKnownFileType = sourcecode.swift; path = Alternative.swift; sourceTree = "<group>"; };
/* End PBXFileReference section */

/* Begin PBXFrameworksBuildPhase section */
		84FB846F1AF7C30300F32992 /* Frameworks */ = {
			isa = PBXFrameworksBuildPhase;
			buildActionMask = 2147483647;
			files = (
			);
			runOnlyForDeploymentPostprocessing = 0;
		};
		84FB84841AF7C30300F32992 /* Frameworks */ = {
			isa = PBXFrameworksBuildPhase;
			buildActionMask = 2147483647;
			files = (
			);
			runOnlyForDeploymentPostprocessing = 0;
		};
/* End PBXFrameworksBuildPhase section */

/* Begin PBXGroup section */
		84140D911B02576F00F2D904 /* domain */ = {
			isa = PBXGroup;
			children = (
				84140D931B02576F00F2D904 /* Game.swift */,
				84140D941B02576F00F2D904 /* Person.swift */,
				9FE7B84A1B027B0E008389FF /* Question.swift */,
				9FE7B84C1B027C0C008389FF /* Alternative.swift */,
			);
			path = domain;
			sourceTree = "<group>";
		};
		84140D981B02579000F2D904 /* service */ = {
			isa = PBXGroup;
			children = (
				84140D9B1B0257CF00F2D904 /* GameService.swift */,
				9FE7B8481B026427008389FF /* Service.swift */,
			);
			path = service;
			sourceTree = "<group>";
		};
		84FB84691AF7C30300F32992 = {
			isa = PBXGroup;
			children = (
				84FB84741AF7C30300F32992 /* MesanQuiz */,
				84FB848A1AF7C30300F32992 /* MesanQuizTests */,
				84FB84731AF7C30300F32992 /* Products */,
			);
			sourceTree = "<group>";
		};
		84FB84731AF7C30300F32992 /* Products */ = {
			isa = PBXGroup;
			children = (
				84FB84721AF7C30300F32992 /* MesanQuiz.app */,
				84FB84871AF7C30300F32992 /* MesanQuizTests.xctest */,
			);
			name = Products;
			sourceTree = "<group>";
		};
		84FB84741AF7C30300F32992 /* MesanQuiz */ = {
			isa = PBXGroup;
			children = (
				84140D981B02579000F2D904 /* service */,
				84140D911B02576F00F2D904 /* domain */,
				84FB84771AF7C30300F32992 /* AppDelegate.swift */,
				84FB84791AF7C30300F32992 /* GameQuizViewController.swift */,
				84FB847B1AF7C30300F32992 /* Main.storyboard */,
				84FB847E1AF7C30300F32992 /* Images.xcassets */,
				84FB84801AF7C30300F32992 /* LaunchScreen.xib */,
				84FB84751AF7C30300F32992 /* Supporting Files */,
			);
			path = MesanQuiz;
			sourceTree = "<group>";
		};
		84FB84751AF7C30300F32992 /* Supporting Files */ = {
			isa = PBXGroup;
			children = (
				84FB84761AF7C30300F32992 /* Info.plist */,
			);
			name = "Supporting Files";
			sourceTree = "<group>";
		};
		84FB848A1AF7C30300F32992 /* MesanQuizTests */ = {
			isa = PBXGroup;
			children = (
				84FB848D1AF7C30300F32992 /* MesanQuizTests.swift */,
				84FB848B1AF7C30300F32992 /* Supporting Files */,
			);
			path = MesanQuizTests;
			sourceTree = "<group>";
		};
		84FB848B1AF7C30300F32992 /* Supporting Files */ = {
			isa = PBXGroup;
			children = (
				84FB848C1AF7C30300F32992 /* Info.plist */,
			);
			name = "Supporting Files";
			sourceTree = "<group>";
		};
/* End PBXGroup section */

/* Begin PBXNativeTarget section */
		84FB84711AF7C30300F32992 /* MesanQuiz */ = {
			isa = PBXNativeTarget;
			buildConfigurationList = 84FB84911AF7C30300F32992 /* Build configuration list for PBXNativeTarget "MesanQuiz" */;
			buildPhases = (
				84FB846E1AF7C30300F32992 /* Sources */,
				84FB846F1AF7C30300F32992 /* Frameworks */,
				84FB84701AF7C30300F32992 /* Resources */,
			);
			buildRules = (
			);
			dependencies = (
			);
			name = MesanQuiz;
			productName = MesanQuiz;
			productReference = 84FB84721AF7C30300F32992 /* MesanQuiz.app */;
			productType = "com.apple.product-type.application";
		};
		84FB84861AF7C30300F32992 /* MesanQuizTests */ = {
			isa = PBXNativeTarget;
			buildConfigurationList = 84FB84941AF7C30300F32992 /* Build configuration list for PBXNativeTarget "MesanQuizTests" */;
			buildPhases = (
				84FB84831AF7C30300F32992 /* Sources */,
				84FB84841AF7C30300F32992 /* Frameworks */,
				84FB84851AF7C30300F32992 /* Resources */,
			);
			buildRules = (
			);
			dependencies = (
				84FB84891AF7C30300F32992 /* PBXTargetDependency */,
			);
			name = MesanQuizTests;
			productName = MesanQuizTests;
			productReference = 84FB84871AF7C30300F32992 /* MesanQuizTests.xctest */;
			productType = "com.apple.product-type.bundle.unit-test";
		};
/* End PBXNativeTarget section */

/* Begin PBXProject section */
		84FB846A1AF7C30300F32992 /* Project object */ = {
			isa = PBXProject;
			attributes = {
				LastUpgradeCheck = 0610;
				ORGANIZATIONNAME = Mesan;
				TargetAttributes = {
					84FB84711AF7C30300F32992 = {
						CreatedOnToolsVersion = 6.1.1;
					};
					84FB84861AF7C30300F32992 = {
						CreatedOnToolsVersion = 6.1.1;
						TestTargetID = 84FB84711AF7C30300F32992;
					};
				};
			};
			buildConfigurationList = 84FB846D1AF7C30300F32992 /* Build configuration list for PBXProject "MesanQuiz" */;
			compatibilityVersion = "Xcode 3.2";
			developmentRegion = English;
			hasScannedForEncodings = 0;
			knownRegions = (
				en,
				Base,
			);
			mainGroup = 84FB84691AF7C30300F32992;
			productRefGroup = 84FB84731AF7C30300F32992 /* Products */;
			projectDirPath = "";
			projectRoot = "";
			targets = (
				84FB84711AF7C30300F32992 /* MesanQuiz */,
				84FB84861AF7C30300F32992 /* MesanQuizTests */,
			);
		};
/* End PBXProject section */

/* Begin PBXResourcesBuildPhase section */
		84FB84701AF7C30300F32992 /* Resources */ = {
			isa = PBXResourcesBuildPhase;
			buildActionMask = 2147483647;
			files = (
				84FB847D1AF7C30300F32992 /* Main.storyboard in Resources */,
				84FB84821AF7C30300F32992 /* LaunchScreen.xib in Resources */,
				84FB847F1AF7C30300F32992 /* Images.xcassets in Resources */,
			);
			runOnlyForDeploymentPostprocessing = 0;
		};
		84FB84851AF7C30300F32992 /* Resources */ = {
			isa = PBXResourcesBuildPhase;
			buildActionMask = 2147483647;
			files = (
			);
			runOnlyForDeploymentPostprocessing = 0;
		};
/* End PBXResourcesBuildPhase section */

/* Begin PBXSourcesBuildPhase section */
		84FB846E1AF7C30300F32992 /* Sources */ = {
			isa = PBXSourcesBuildPhase;
			buildActionMask = 2147483647;
			files = (
				84140D971B02576F00F2D904 /* Person.swift in Sources */,
				84FB847A1AF7C30300F32992 /* GameQuizViewController.swift in Sources */,
				84140D9C1B0257CF00F2D904 /* GameService.swift in Sources */,
				9FE7B84D1B027C0C008389FF /* Alternative.swift in Sources */,
				84140D961B02576F00F2D904 /* Game.swift in Sources */,
				84FB84781AF7C30300F32992 /* AppDelegate.swift in Sources */,
				9FE7B84B1B027B0E008389FF /* Question.swift in Sources */,
				9FE7B8491B026427008389FF /* Service.swift in Sources */,
			);
			runOnlyForDeploymentPostprocessing = 0;
		};
		84FB84831AF7C30300F32992 /* Sources */ = {
			isa = PBXSourcesBuildPhase;
			buildActionMask = 2147483647;
			files = (
				84FB848E1AF7C30300F32992 /* MesanQuizTests.swift in Sources */,
			);
			runOnlyForDeploymentPostprocessing = 0;
		};
/* End PBXSourcesBuildPhase section */

/* Begin PBXTargetDependency section */
		84FB84891AF7C30300F32992 /* PBXTargetDependency */ = {
			isa = PBXTargetDependency;
			target = 84FB84711AF7C30300F32992 /* MesanQuiz */;
			targetProxy = 84FB84881AF7C30300F32992 /* PBXContainerItemProxy */;
		};
/* End PBXTargetDependency section */

/* Begin PBXVariantGroup section */
		84FB847B1AF7C30300F32992 /* Main.storyboard */ = {
			isa = PBXVariantGroup;
			children = (
				84FB847C1AF7C30300F32992 /* Base */,
			);
			name = Main.storyboard;
			sourceTree = "<group>";
		};
		84FB84801AF7C30300F32992 /* LaunchScreen.xib */ = {
			isa = PBXVariantGroup;
			children = (
				84FB84811AF7C30300F32992 /* Base */,
			);
			name = LaunchScreen.xib;
			sourceTree = "<group>";
		};
/* End PBXVariantGroup section */

/* Begin XCBuildConfiguration section */
		84FB848F1AF7C30300F32992 /* Debug */ = {
			isa = XCBuildConfiguration;
			buildSettings = {
				ALWAYS_SEARCH_USER_PATHS = NO;
				CLANG_CXX_LANGUAGE_STANDARD = "gnu++0x";
				CLANG_CXX_LIBRARY = "libc++";
				CLANG_ENABLE_MODULES = YES;
				CLANG_ENABLE_OBJC_ARC = YES;
				CLANG_WARN_BOOL_CONVERSION = YES;
				CLANG_WARN_CONSTANT_CONVERSION = YES;
				CLANG_WARN_DIRECT_OBJC_ISA_USAGE = YES_ERROR;
				CLANG_WARN_EMPTY_BODY = YES;
				CLANG_WARN_ENUM_CONVERSION = YES;
				CLANG_WARN_INT_CONVERSION = YES;
				CLANG_WARN_OBJC_ROOT_CLASS = YES_ERROR;
				CLANG_WARN_UNREACHABLE_CODE = YES;
				CLANG_WARN__DUPLICATE_METHOD_MATCH = YES;
				"CODE_SIGN_IDENTITY[sdk=iphoneos*]" = "iPhone Developer";
				COPY_PHASE_STRIP = NO;
				ENABLE_STRICT_OBJC_MSGSEND = YES;
				GCC_C_LANGUAGE_STANDARD = gnu99;
				GCC_DYNAMIC_NO_PIC = NO;
				GCC_OPTIMIZATION_LEVEL = 0;
				GCC_PREPROCESSOR_DEFINITIONS = (
					"DEBUG=1",
					"$(inherited)",
				);
				GCC_SYMBOLS_PRIVATE_EXTERN = NO;
				GCC_WARN_64_TO_32_BIT_CONVERSION = YES;
				GCC_WARN_ABOUT_RETURN_TYPE = YES_ERROR;
				GCC_WARN_UNDECLARED_SELECTOR = YES;
				GCC_WARN_UNINITIALIZED_AUTOS = YES_AGGRESSIVE;
				GCC_WARN_UNUSED_FUNCTION = YES;
				GCC_WARN_UNUSED_VARIABLE = YES;
				IPHONEOS_DEPLOYMENT_TARGET = 8.1;
				MTL_ENABLE_DEBUG_INFO = YES;
				ONLY_ACTIVE_ARCH = YES;
				SDKROOT = iphoneos;
				SWIFT_OPTIMIZATION_LEVEL = "-Onone";
			};
			name = Debug;
		};
		84FB84901AF7C30300F32992 /* Release */ = {
			isa = XCBuildConfiguration;
			buildSettings = {
				ALWAYS_SEARCH_USER_PATHS = NO;
				CLANG_CXX_LANGUAGE_STANDARD = "gnu++0x";
				CLANG_CXX_LIBRARY = "libc++";
				CLANG_ENABLE_MODULES = YES;
				CLANG_ENABLE_OBJC_ARC = YES;
				CLANG_WARN_BOOL_CONVERSION = YES;
				CLANG_WARN_CONSTANT_CONVERSION = YES;
				CLANG_WARN_DIRECT_OBJC_ISA_USAGE = YES_ERROR;
				CLANG_WARN_EMPTY_BODY = YES;
				CLANG_WARN_ENUM_CONVERSION = YES;
				CLANG_WARN_INT_CONVERSION = YES;
				CLANG_WARN_OBJC_ROOT_CLASS = YES_ERROR;
				CLANG_WARN_UNREACHABLE_CODE = YES;
				CLANG_WARN__DUPLICATE_METHOD_MATCH = YES;
				"CODE_SIGN_IDENTITY[sdk=iphoneos*]" = "iPhone Developer";
				COPY_PHASE_STRIP = YES;
				ENABLE_NS_ASSERTIONS = NO;
				ENABLE_STRICT_OBJC_MSGSEND = YES;
				GCC_C_LANGUAGE_STANDARD = gnu99;
				GCC_WARN_64_TO_32_BIT_CONVERSION = YES;
				GCC_WARN_ABOUT_RETURN_TYPE = YES_ERROR;
				GCC_WARN_UNDECLARED_SELECTOR = YES;
				GCC_WARN_UNINITIALIZED_AUTOS = YES_AGGRESSIVE;
				GCC_WARN_UNUSED_FUNCTION = YES;
				GCC_WARN_UNUSED_VARIABLE = YES;
				IPHONEOS_DEPLOYMENT_TARGET = 8.1;
				MTL_ENABLE_DEBUG_INFO = NO;
				SDKROOT = iphoneos;
				VALIDATE_PRODUCT = YES;
			};
			name = Release;
		};
		84FB84921AF7C30300F32992 /* Debug */ = {
			isa = XCBuildConfiguration;
			buildSettings = {
				ASSETCATALOG_COMPILER_APPICON_NAME = AppIcon;
				INFOPLIST_FILE = MesanQuiz/Info.plist;
				IPHONEOS_DEPLOYMENT_TARGET = 7.0;
				LD_RUNPATH_SEARCH_PATHS = "$(inherited) @executable_path/Frameworks";
				PRODUCT_NAME = "$(TARGET_NAME)";
			};
			name = Debug;
		};
		84FB84931AF7C30300F32992 /* Release */ = {
			isa = XCBuildConfiguration;
			buildSettings = {
				ASSETCATALOG_COMPILER_APPICON_NAME = AppIcon;
				INFOPLIST_FILE = MesanQuiz/Info.plist;
				IPHONEOS_DEPLOYMENT_TARGET = 7.0;
				LD_RUNPATH_SEARCH_PATHS = "$(inherited) @executable_path/Frameworks";
				PRODUCT_NAME = "$(TARGET_NAME)";
			};
			name = Release;
		};
		84FB84951AF7C30300F32992 /* Debug */ = {
			isa = XCBuildConfiguration;
			buildSettings = {
				BUNDLE_LOADER = "$(TEST_HOST)";
				FRAMEWORK_SEARCH_PATHS = (
					"$(SDKROOT)/Developer/Library/Frameworks",
					"$(inherited)",
				);
				GCC_PREPROCESSOR_DEFINITIONS = (
					"DEBUG=1",
					"$(inherited)",
				);
				INFOPLIST_FILE = MesanQuizTests/Info.plist;
				LD_RUNPATH_SEARCH_PATHS = "$(inherited) @executable_path/Frameworks @loader_path/Frameworks";
				PRODUCT_NAME = "$(TARGET_NAME)";
				TEST_HOST = "$(BUILT_PRODUCTS_DIR)/MesanQuiz.app/MesanQuiz";
			};
			name = Debug;
		};
		84FB84961AF7C30300F32992 /* Release */ = {
			isa = XCBuildConfiguration;
			buildSettings = {
				BUNDLE_LOADER = "$(TEST_HOST)";
				FRAMEWORK_SEARCH_PATHS = (
					"$(SDKROOT)/Developer/Library/Frameworks",
					"$(inherited)",
				);
				INFOPLIST_FILE = MesanQuizTests/Info.plist;
				LD_RUNPATH_SEARCH_PATHS = "$(inherited) @executable_path/Frameworks @loader_path/Frameworks";
				PRODUCT_NAME = "$(TARGET_NAME)";
				TEST_HOST = "$(BUILT_PRODUCTS_DIR)/MesanQuiz.app/MesanQuiz";
			};
			name = Release;
		};
/* End XCBuildConfiguration section */

/* Begin XCConfigurationList section */
		84FB846D1AF7C30300F32992 /* Build configuration list for PBXProject "MesanQuiz" */ = {
			isa = XCConfigurationList;
			buildConfigurations = (
				84FB848F1AF7C30300F32992 /* Debug */,
				84FB84901AF7C30300F32992 /* Release */,
			);
			defaultConfigurationIsVisible = 0;
			defaultConfigurationName = Release;
		};
		84FB84911AF7C30300F32992 /* Build configuration list for PBXNativeTarget "MesanQuiz" */ = {
			isa = XCConfigurationList;
			buildConfigurations = (
				84FB84921AF7C30300F32992 /* Debug */,
				84FB84931AF7C30300F32992 /* Release */,
			);
			defaultConfigurationIsVisible = 0;
			defaultConfigurationName = Release;
		};
		84FB84941AF7C30300F32992 /* Build configuration list for PBXNativeTarget "MesanQuizTests" */ = {
			isa = XCConfigurationList;
			buildConfigurations = (
				84FB84951AF7C30300F32992 /* Debug */,
				84FB84961AF7C30300F32992 /* Release */,
			);
			defaultConfigurationIsVisible = 0;
			defaultConfigurationName = Release;
		};
/* End XCConfigurationList section */
	};
	rootObject = 84FB846A1AF7C30300F32992 /* Project object */;
}
